// !$*UTF8*$!
{
	archiveVersion = 1;
	classes = {
	};
	objectVersion = 56;
	objects = {

/* Begin PBXBuildFile section */
		0AC244BE2B5E25A0002B542D /* AOCV208.cpp in Sources */ = {isa = PBXBuildFile; fileRef = 0AC244BC2B5E25A0002B542D /* AOCV208.cpp */; };
/* End PBXBuildFile section */

/* Begin PBXCopyFilesBuildPhase section */
		0A803AFF2B570743007466B6 /* CopyFiles */ = {
			isa = PBXCopyFilesBuildPhase;
			buildActionMask = 2147483647;
			dstPath = /usr/share/man/man1/;
			dstSubfolderSpec = 0;
			files = (
			);
			runOnlyForDeploymentPostprocessing = 1;
		};
/* End PBXCopyFilesBuildPhase section */

/* Begin PBXFileReference section */
		0A2BD1752B5E05A000771D17 /* LBCV213.cpp */ = {isa = PBXFileReference; lastKnownFileType = sourcecode.cpp.cpp; path = LBCV213.cpp; sourceTree = "<group>"; };
		0A2BD1762B5E05A000771D17 /* LBCV213.hpp */ = {isa = PBXFileReference; lastKnownFileType = sourcecode.cpp.h; path = LBCV213.hpp; sourceTree = "<group>"; };
		0A803B012B570743007466B6 /* codechef_cpp */ = {isa = PBXFileReference; explicitFileType = "compiled.mach-o.executable"; includeInIndex = 0; path = codechef_cpp; sourceTree = BUILT_PRODUCTS_DIR; };
		0A803B0E2B570D05007466B6 /* agelimit.cpp */ = {isa = PBXFileReference; lastKnownFileType = sourcecode.cpp.cpp; path = agelimit.cpp; sourceTree = "<group>"; };
		0A803B0F2B570D05007466B6 /* agelimit.hpp */ = {isa = PBXFileReference; lastKnownFileType = sourcecode.cpp.h; path = agelimit.hpp; sourceTree = "<group>"; };
		0AC244B12B5E0D8E002B542D /* LBCV216.cpp */ = {isa = PBXFileReference; lastKnownFileType = sourcecode.cpp.cpp; path = LBCV216.cpp; sourceTree = "<group>"; };
		0AC244B22B5E0D8E002B542D /* LBCV216.hpp */ = {isa = PBXFileReference; lastKnownFileType = sourcecode.cpp.h; path = LBCV216.hpp; sourceTree = "<group>"; };
		0AC244B42B5E19D9002B542D /* LBCV208A.cpp */ = {isa = PBXFileReference; lastKnownFileType = sourcecode.cpp.cpp; path = LBCV208A.cpp; sourceTree = "<group>"; };
		0AC244B52B5E19D9002B542D /* LBCV208A.hpp */ = {isa = PBXFileReference; lastKnownFileType = sourcecode.cpp.h; path = LBCV208A.hpp; sourceTree = "<group>"; };
		0AC244BC2B5E25A0002B542D /* AOCV208.cpp */ = {isa = PBXFileReference; lastKnownFileType = sourcecode.cpp.cpp; path = AOCV208.cpp; sourceTree = "<group>"; };
		0AC244BD2B5E25A0002B542D /* AOCV208.hpp */ = {isa = PBXFileReference; lastKnownFileType = sourcecode.cpp.h; path = AOCV208.hpp; sourceTree = "<group>"; };
		0AE0B66A2B5847F50023DCF9 /* LBCV201A.cpp */ = {isa = PBXFileReference; lastKnownFileType = sourcecode.cpp.cpp; path = LBCV201A.cpp; sourceTree = "<group>"; };
		0AE0B66B2B5847F50023DCF9 /* LBCV201A.hpp */ = {isa = PBXFileReference; lastKnownFileType = sourcecode.cpp.h; path = LBCV201A.hpp; sourceTree = "<group>"; };
		0AE0B66D2B5859C80023DCF9 /* LBCV202.cpp */ = {isa = PBXFileReference; lastKnownFileType = sourcecode.cpp.cpp; path = LBCV202.cpp; sourceTree = "<group>"; };
		0AE0B66E2B5859C80023DCF9 /* LBCV202.hpp */ = {isa = PBXFileReference; lastKnownFileType = sourcecode.cpp.h; path = LBCV202.hpp; sourceTree = "<group>"; };
		0AE0B6702B5869830023DCF9 /* LBCV204A.cpp */ = {isa = PBXFileReference; lastKnownFileType = sourcecode.cpp.cpp; path = LBCV204A.cpp; sourceTree = "<group>"; };
		0AE0B6712B5869830023DCF9 /* LBCV204A.hpp */ = {isa = PBXFileReference; lastKnownFileType = sourcecode.cpp.h; path = LBCV204A.hpp; sourceTree = "<group>"; };
/* End PBXFileReference section */

/* Begin PBXFrameworksBuildPhase section */
		0A803AFE2B570743007466B6 /* Frameworks */ = {
			isa = PBXFrameworksBuildPhase;
			buildActionMask = 2147483647;
			files = (
			);
			runOnlyForDeploymentPostprocessing = 0;
		};
/* End PBXFrameworksBuildPhase section */

/* Begin PBXGroup section */
		0A803AF82B570743007466B6 = {
			isa = PBXGroup;
			children = (
				0AC244B82B5E24B6002B542D /* 22-jan-2024 */,
				0A803B032B570743007466B6 /* codechef_cpp */,
				0A803B022B570743007466B6 /* Products */,
			);
			sourceTree = "<group>";
		};
		0A803B022B570743007466B6 /* Products */ = {
			isa = PBXGroup;
			children = (
				0A803B012B570743007466B6 /* codechef_cpp */,
			);
			name = Products;
			sourceTree = "<group>";
		};
		0A803B032B570743007466B6 /* codechef_cpp */ = {
			isa = PBXGroup;
			children = (
				0A803B0E2B570D05007466B6 /* agelimit.cpp */,
				0A803B0F2B570D05007466B6 /* agelimit.hpp */,
				0AE0B66A2B5847F50023DCF9 /* LBCV201A.cpp */,
				0AE0B66B2B5847F50023DCF9 /* LBCV201A.hpp */,
				0AE0B66D2B5859C80023DCF9 /* LBCV202.cpp */,
				0AE0B66E2B5859C80023DCF9 /* LBCV202.hpp */,
			);
			path = codechef_cpp;
			sourceTree = "<group>";
		};
		0AC244B82B5E24B6002B542D /* 22-jan-2024 */ = {
			isa = PBXGroup;
			children = (
				0AC244B52B5E19D9002B542D /* LBCV208A.hpp */,
				0AC244B42B5E19D9002B542D /* LBCV208A.cpp */,
				0AC244B22B5E0D8E002B542D /* LBCV216.hpp */,
				0AC244B12B5E0D8E002B542D /* LBCV216.cpp */,
				0AE0B6712B5869830023DCF9 /* LBCV204A.hpp */,
				0AE0B6702B5869830023DCF9 /* LBCV204A.cpp */,
				0A2BD1762B5E05A000771D17 /* LBCV213.hpp */,
				0A2BD1752B5E05A000771D17 /* LBCV213.cpp */,
				0AC244BC2B5E25A0002B542D /* AOCV208.cpp */,
				0AC244BD2B5E25A0002B542D /* AOCV208.hpp */,
			);
			path = "22-jan-2024";
			sourceTree = "<group>";
		};
/* End PBXGroup section */

/* Begin PBXNativeTarget section */
		0A803B002B570743007466B6 /* codechef_cpp */ = {
			isa = PBXNativeTarget;
			buildConfigurationList = 0A803B082B570743007466B6 /* Build configuration list for PBXNativeTarget "codechef_cpp" */;
			buildPhases = (
				0A803AFD2B570743007466B6 /* Sources */,
				0A803AFE2B570743007466B6 /* Frameworks */,
				0A803AFF2B570743007466B6 /* CopyFiles */,
			);
			buildRules = (
			);
			dependencies = (
			);
			name = codechef_cpp;
			productName = codechef_cpp;
			productReference = 0A803B012B570743007466B6 /* codechef_cpp */;
			productType = "com.apple.product-type.tool";
		};
/* End PBXNativeTarget section */

/* Begin PBXProject section */
		0A803AF92B570743007466B6 /* Project object */ = {
			isa = PBXProject;
			attributes = {
				BuildIndependentTargetsInParallel = 1;
				LastUpgradeCheck = 1520;
				TargetAttributes = {
					0A803B002B570743007466B6 = {
						CreatedOnToolsVersion = 15.2;
					};
				};
			};
			buildConfigurationList = 0A803AFC2B570743007466B6 /* Build configuration list for PBXProject "codechef_cpp" */;
			compatibilityVersion = "Xcode 14.0";
			developmentRegion = en;
			hasScannedForEncodings = 0;
			knownRegions = (
				en,
				Base,
			);
			mainGroup = 0A803AF82B570743007466B6;
			productRefGroup = 0A803B022B570743007466B6 /* Products */;
			projectDirPath = "";
			projectRoot = "";
			targets = (
				0A803B002B570743007466B6 /* codechef_cpp */,
			);
		};
/* End PBXProject section */

/* Begin PBXSourcesBuildPhase section */
		0A803AFD2B570743007466B6 /* Sources */ = {
			isa = PBXSourcesBuildPhase;
			buildActionMask = 2147483647;
			files = (
				0AC244BE2B5E25A0002B542D /* AOCV208.cpp in Sources */,
			);
			runOnlyForDeploymentPostprocessing = 0;
		};
/* End PBXSourcesBuildPhase section */

/* Begin XCBuildConfiguration section */
		0A803B062B570743007466B6 /* Debug */ = {
			isa = XCBuildConfiguration;
			buildSettings = {
				ALWAYS_SEARCH_USER_PATHS = NO;
				ASSETCATALOG_COMPILER_GENERATE_SWIFT_ASSET_SYMBOL_EXTENSIONS = YES;
				CLANG_ANALYZER_NONNULL = YES;
				CLANG_ANALYZER_NUMBER_OBJECT_CONVERSION = YES_AGGRESSIVE;
				CLANG_CXX_LANGUAGE_STANDARD = "gnu++20";
				CLANG_ENABLE_MODULES = YES;
				CLANG_ENABLE_OBJC_ARC = YES;
				CLANG_ENABLE_OBJC_WEAK = YES;
				CLANG_WARN_BLOCK_CAPTURE_AUTORELEASING = YES;
				CLANG_WARN_BOOL_CONVERSION = YES;
				CLANG_WARN_COMMA = YES;
				CLANG_WARN_CONSTANT_CONVERSION = YES;
				CLANG_WARN_DEPRECATED_OBJC_IMPLEMENTATIONS = YES;
				CLANG_WARN_DIRECT_OBJC_ISA_USAGE = YES_ERROR;
				CLANG_WARN_DOCUMENTATION_COMMENTS = YES;
				CLANG_WARN_EMPTY_BODY = YES;
				CLANG_WARN_ENUM_CONVERSION = YES;
				CLANG_WARN_INFINITE_RECURSION = YES;
				CLANG_WARN_INT_CONVERSION = YES;
				CLANG_WARN_NON_LITERAL_NULL_CONVERSION = YES;
				CLANG_WARN_OBJC_IMPLICIT_RETAIN_SELF = YES;
				CLANG_WARN_OBJC_LITERAL_CONVERSION = YES;
				CLANG_WARN_OBJC_ROOT_CLASS = YES_ERROR;
				CLANG_WARN_QUOTED_INCLUDE_IN_FRAMEWORK_HEADER = YES;
				CLANG_WARN_RANGE_LOOP_ANALYSIS = YES;
				CLANG_WARN_STRICT_PROTOTYPES = YES;
				CLANG_WARN_SUSPICIOUS_MOVE = YES;
				CLANG_WARN_UNGUARDED_AVAILABILITY = YES_AGGRESSIVE;
				CLANG_WARN_UNREACHABLE_CODE = YES;
				CLANG_WARN__DUPLICATE_METHOD_MATCH = YES;
				COPY_PHASE_STRIP = NO;
				DEBUG_INFORMATION_FORMAT = dwarf;
				ENABLE_STRICT_OBJC_MSGSEND = YES;
				ENABLE_TESTABILITY = YES;
				ENABLE_USER_SCRIPT_SANDBOXING = YES;
				GCC_C_LANGUAGE_STANDARD = gnu17;
				GCC_DYNAMIC_NO_PIC = NO;
				GCC_NO_COMMON_BLOCKS = YES;
				GCC_OPTIMIZATION_LEVEL = 0;
				GCC_PREPROCESSOR_DEFINITIONS = (
					"DEBUG=1",
					"$(inherited)",
				);
				GCC_WARN_64_TO_32_BIT_CONVERSION = YES;
				GCC_WARN_ABOUT_RETURN_TYPE = YES_ERROR;
				GCC_WARN_UNDECLARED_SELECTOR = YES;
				GCC_WARN_UNINITIALIZED_AUTOS = YES_AGGRESSIVE;
				GCC_WARN_UNUSED_FUNCTION = YES;
				GCC_WARN_UNUSED_VARIABLE = YES;
				LOCALIZATION_PREFERS_STRING_CATALOGS = YES;
				MACOSX_DEPLOYMENT_TARGET = 14.2;
				MTL_ENABLE_DEBUG_INFO = INCLUDE_SOURCE;
				MTL_FAST_MATH = YES;
				ONLY_ACTIVE_ARCH = YES;
				SDKROOT = macosx;
			};
			name = Debug;
		};
		0A803B072B570743007466B6 /* Release */ = {
			isa = XCBuildConfiguration;
			buildSettings = {
				ALWAYS_SEARCH_USER_PATHS = NO;
				ASSETCATALOG_COMPILER_GENERATE_SWIFT_ASSET_SYMBOL_EXTENSIONS = YES;
				CLANG_ANALYZER_NONNULL = YES;
				CLANG_ANALYZER_NUMBER_OBJECT_CONVERSION = YES_AGGRESSIVE;
				CLANG_CXX_LANGUAGE_STANDARD = "gnu++20";
				CLANG_ENABLE_MODULES = YES;
				CLANG_ENABLE_OBJC_ARC = YES;
				CLANG_ENABLE_OBJC_WEAK = YES;
				CLANG_WARN_BLOCK_CAPTURE_AUTORELEASING = YES;
				CLANG_WARN_BOOL_CONVERSION = YES;
				CLANG_WARN_COMMA = YES;
				CLANG_WARN_CONSTANT_CONVERSION = YES;
				CLANG_WARN_DEPRECATED_OBJC_IMPLEMENTATIONS = YES;
				CLANG_WARN_DIRECT_OBJC_ISA_USAGE = YES_ERROR;
				CLANG_WARN_DOCUMENTATION_COMMENTS = YES;
				CLANG_WARN_EMPTY_BODY = YES;
				CLANG_WARN_ENUM_CONVERSION = YES;
				CLANG_WARN_INFINITE_RECURSION = YES;
				CLANG_WARN_INT_CONVERSION = YES;
				CLANG_WARN_NON_LITERAL_NULL_CONVERSION = YES;
				CLANG_WARN_OBJC_IMPLICIT_RETAIN_SELF = YES;
				CLANG_WARN_OBJC_LITERAL_CONVERSION = YES;
				CLANG_WARN_OBJC_ROOT_CLASS = YES_ERROR;
				CLANG_WARN_QUOTED_INCLUDE_IN_FRAMEWORK_HEADER = YES;
				CLANG_WARN_RANGE_LOOP_ANALYSIS = YES;
				CLANG_WARN_STRICT_PROTOTYPES = YES;
				CLANG_WARN_SUSPICIOUS_MOVE = YES;
				CLANG_WARN_UNGUARDED_AVAILABILITY = YES_AGGRESSIVE;
				CLANG_WARN_UNREACHABLE_CODE = YES;
				CLANG_WARN__DUPLICATE_METHOD_MATCH = YES;
				COPY_PHASE_STRIP = NO;
				DEBUG_INFORMATION_FORMAT = "dwarf-with-dsym";
				ENABLE_NS_ASSERTIONS = NO;
				ENABLE_STRICT_OBJC_MSGSEND = YES;
				ENABLE_USER_SCRIPT_SANDBOXING = YES;
				GCC_C_LANGUAGE_STANDARD = gnu17;
				GCC_NO_COMMON_BLOCKS = YES;
				GCC_WARN_64_TO_32_BIT_CONVERSION = YES;
				GCC_WARN_ABOUT_RETURN_TYPE = YES_ERROR;
				GCC_WARN_UNDECLARED_SELECTOR = YES;
				GCC_WARN_UNINITIALIZED_AUTOS = YES_AGGRESSIVE;
				GCC_WARN_UNUSED_FUNCTION = YES;
				GCC_WARN_UNUSED_VARIABLE = YES;
				LOCALIZATION_PREFERS_STRING_CATALOGS = YES;
				MACOSX_DEPLOYMENT_TARGET = 14.2;
				MTL_ENABLE_DEBUG_INFO = NO;
				MTL_FAST_MATH = YES;
				SDKROOT = macosx;
			};
			name = Release;
		};
		0A803B092B570743007466B6 /* Debug */ = {
			isa = XCBuildConfiguration;
			buildSettings = {
				CODE_SIGN_STYLE = Automatic;
				DEVELOPMENT_TEAM = XG9VSYG34T;
				ENABLE_HARDENED_RUNTIME = YES;
				PRODUCT_NAME = "$(TARGET_NAME)";
			};
			name = Debug;
		};
		0A803B0A2B570743007466B6 /* Release */ = {
			isa = XCBuildConfiguration;
			buildSettings = {
				CODE_SIGN_STYLE = Automatic;
				DEVELOPMENT_TEAM = XG9VSYG34T;
				ENABLE_HARDENED_RUNTIME = YES;
				PRODUCT_NAME = "$(TARGET_NAME)";
			};
			name = Release;
		};
/* End XCBuildConfiguration section */

/* Begin XCConfigurationList section */
		0A803AFC2B570743007466B6 /* Build configuration list for PBXProject "codechef_cpp" */ = {
			isa = XCConfigurationList;
			buildConfigurations = (
				0A803B062B570743007466B6 /* Debug */,
				0A803B072B570743007466B6 /* Release */,
			);
			defaultConfigurationIsVisible = 0;
			defaultConfigurationName = Release;
		};
		0A803B082B570743007466B6 /* Build configuration list for PBXNativeTarget "codechef_cpp" */ = {
			isa = XCConfigurationList;
			buildConfigurations = (
				0A803B092B570743007466B6 /* Debug */,
				0A803B0A2B570743007466B6 /* Release */,
			);
			defaultConfigurationIsVisible = 0;
			defaultConfigurationName = Release;
		};
/* End XCConfigurationList section */
	};
	rootObject = 0A803AF92B570743007466B6 /* Project object */;
}
